// !$*UTF8*$!
{
	archiveVersion = 1;
	classes = {
	};
	objectVersion = 56;
	objects = {

/* Begin PBXBuildFile section */
		CC000001CCCC000000000001 /* Sparkle in Frameworks */ = {isa = PBXBuildFile; productRef = CC000002CCCC000000000001 /* Sparkle */; };
		WK000001WK00000000000001 /* WhisperKit in Frameworks */ = {isa = PBXBuildFile; productRef = WK000002WK00000000000001 /* WhisperKit */; };
		SK000001SK00000000000001 /* SpeakerKit in Frameworks */ = {isa = PBXBuildFile; productRef = SK000002SK00000000000001 /* SpeakerKit */; };
		B1000001 /* MindExtractApp.swift in Sources */ = {isa = PBXBuildFile; fileRef = B1000011 /* MindExtractApp.swift */; };
		B1000002 /* ContentView.swift in Sources */ = {isa = PBXBuildFile; fileRef = B1000012 /* ContentView.swift */; };
		B1000003 /* Models.swift in Sources */ = {isa = PBXBuildFile; fileRef = B1000013 /* Models.swift */; };
		B1000004 /* YTDLPWrapper.swift in Sources */ = {isa = PBXBuildFile; fileRef = B1000014 /* YTDLPWrapper.swift */; };
		B1000005 /* Assets.xcassets in Resources */ = {isa = PBXBuildFile; fileRef = B1000015 /* Assets.xcassets */; };
		B1000D01 /* DesignSystem.swift in Sources */ = {isa = PBXBuildFile; fileRef = B1000D02 /* DesignSystem.swift */; };
		B1000D03 /* Summarizer.swift in Sources */ = {isa = PBXBuildFile; fileRef = B1000D04 /* Summarizer.swift */; };
		B1000E01 /* Translator.swift in Sources */ = {isa = PBXBuildFile; fileRef = B1000E02 /* Translator.swift */; };
		B1000E03 /* Templates.swift in Sources */ = {isa = PBXBuildFile; fileRef = B1000E04 /* Templates.swift */; };
		B1000E05 /* MeetingRecorder.swift in Sources */ = {isa = PBXBuildFile; fileRef = B1000E06 /* MeetingRecorder.swift */; };
		B1000E07 /* RecordingView.swift in Sources */ = {isa = PBXBuildFile; fileRef = B1000E08 /* RecordingView.swift */; };
		B1000E09 /* LiveTranscriber.swift in Sources */ = {isa = PBXBuildFile; fileRef = B1000E0A /* LiveTranscriber.swift */; };
		B1000E0B /* MeetingCalendar.swift in Sources */ = {isa = PBXBuildFile; fileRef = B1000E0C /* MeetingCalendar.swift */; };
		B1000E1F /* MeetingMemory.swift in Sources */ = {isa = PBXBuildFile; fileRef = B1000E20 /* MeetingMemory.swift */; };
		B1000E21 /* TodayView.swift in Sources */ = {isa = PBXBuildFile; fileRef = B1000E22 /* TodayView.swift */; };
		B1000E23 /* PeopleView.swift in Sources */ = {isa = PBXBuildFile; fileRef = B1000E24 /* PeopleView.swift */; };
		B1000E0D /* RemindersExporter.swift in Sources */ = {isa = PBXBuildFile; fileRef = B1000E0E /* RemindersExporter.swift */; };
		B1000E0F /* CaptionOverlay.swift in Sources */ = {isa = PBXBuildFile; fileRef = B1000E10 /* CaptionOverlay.swift */; };
		B1000E11 /* MeetingInsights.swift in Sources */ = {isa = PBXBuildFile; fileRef = B1000E12 /* MeetingInsights.swift */; };
		B1000E13 /* ActiveMeetingDetector.swift in Sources */ = {isa = PBXBuildFile; fileRef = B1000E14 /* ActiveMeetingDetector.swift */; };
		B1000E15 /* TranscriptLibrary.swift in Sources */ = {isa = PBXBuildFile; fileRef = B1000E16 /* TranscriptLibrary.swift */; };
		B1000E17 /* ExportTools.swift in Sources */ = {isa = PBXBuildFile; fileRef = B1000E18 /* ExportTools.swift */; };
		B1000E19 /* WelcomeView.swift in Sources */ = {isa = PBXBuildFile; fileRef = B1000E1A /* WelcomeView.swift */; };
		B1000E1B /* MCPServer.swift in Sources */ = {isa = PBXBuildFile; fileRef = B1000E1C /* MCPServer.swift */; };
		B1000E1D /* AppLock.swift in Sources */ = {isa = PBXBuildFile; fileRef = B1000E1E /* AppLock.swift */; };
		TST00011 /* CoreLogicTests.swift in Sources */ = {isa = PBXBuildFile; fileRef = TST00010 /* CoreLogicTests.swift */; };
		B1000D05 /* AIBackend.swift in Sources */ = {isa = PBXBuildFile; fileRef = B1000D06 /* AIBackend.swift */; };
		B1000007 /* ytdlp in Resources */ = {isa = PBXBuildFile; fileRef = B1000023 /* ytdlp */; };
		B1000031 /* SettingsView.swift in Sources */ = {isa = PBXBuildFile; fileRef = B1000024 /* SettingsView.swift */; };
		B1000033 /* TranscriptionManager.swift in Sources */ = {isa = PBXBuildFile; fileRef = B1000026 /* TranscriptionManager.swift */; };
		B1000035 /* TranscriptionResultView.swift in Sources */ = {isa = PBXBuildFile; fileRef = B1000028 /* TranscriptionResultView.swift */; };
		B1000036 /* RecentActivityView.swift in Sources */ = {isa = PBXBuildFile; fileRef = B1000029 /* RecentActivityView.swift */; };
		B1000061 /* ffmpeg in Resources */ = {isa = PBXBuildFile; fileRef = B1000051 /* ffmpeg */; };
/* End PBXBuildFile section */

/* Begin PBXContainerItemProxy section */
		TST00006 /* PBXContainerItemProxy */ = {
			isa = PBXContainerItemProxy;
			containerPortal = B1000008 /* Project object */;
			proxyType = 1;
			remoteGlobalIDString = B100000A;
			remoteInfo = MindExtract;
		};
/* End PBXContainerItemProxy section */

/* Begin PBXTargetDependency section */
		TST00005 /* PBXTargetDependency */ = {
			isa = PBXTargetDependency;
			target = B100000A /* MindExtract */;
			targetProxy = TST00006 /* PBXContainerItemProxy */;
		};
/* End PBXTargetDependency section */

/* Begin PBXFileReference section */
		B1000010 /* MindExtract.app */ = {isa = PBXFileReference; explicitFileType = wrapper.application; includeInIndex = 0; path = MindExtract.app; sourceTree = BUILT_PRODUCTS_DIR; };
		B1000011 /* MindExtractApp.swift */ = {isa = PBXFileReference; lastKnownFileType = sourcecode.swift; path = MindExtractApp.swift; sourceTree = "<group>"; };
		B1000012 /* ContentView.swift */ = {isa = PBXFileReference; lastKnownFileType = sourcecode.swift; path = ContentView.swift; sourceTree = "<group>"; };
		B1000013 /* Models.swift */ = {isa = PBXFileReference; lastKnownFileType = sourcecode.swift; path = Models.swift; sourceTree = "<group>"; };
		B1000014 /* YTDLPWrapper.swift */ = {isa = PBXFileReference; lastKnownFileType = sourcecode.swift; path = YTDLPWrapper.swift; sourceTree = "<group>"; };
		B1000015 /* Assets.xcassets */ = {isa = PBXFileReference; lastKnownFileType = folder.assetcatalog; path = Assets.xcassets; sourceTree = "<group>"; };
		B1000016 /* MindExtract.entitlements */ = {isa = PBXFileReference; lastKnownFileType = text.plist.entitlements; path = MindExtract.entitlements; sourceTree = "<group>"; };
		B1000D02 /* DesignSystem.swift */ = {isa = PBXFileReference; lastKnownFileType = sourcecode.swift; path = DesignSystem.swift; sourceTree = "<group>"; };
		B1000D04 /* Summarizer.swift */ = {isa = PBXFileReference; lastKnownFileType = sourcecode.swift; path = Summarizer.swift; sourceTree = "<group>"; };
		B1000E02 /* Translator.swift */ = {isa = PBXFileReference; lastKnownFileType = sourcecode.swift; path = Translator.swift; sourceTree = "<group>"; };
		B1000E04 /* Templates.swift */ = {isa = PBXFileReference; lastKnownFileType = sourcecode.swift; path = Templates.swift; sourceTree = "<group>"; };
		B1000E06 /* MeetingRecorder.swift */ = {isa = PBXFileReference; lastKnownFileType = sourcecode.swift; path = MeetingRecorder.swift; sourceTree = "<group>"; };
		B1000E08 /* RecordingView.swift */ = {isa = PBXFileReference; lastKnownFileType = sourcecode.swift; path = RecordingView.swift; sourceTree = "<group>"; };
		B1000E0A /* LiveTranscriber.swift */ = {isa = PBXFileReference; lastKnownFileType = sourcecode.swift; path = LiveTranscriber.swift; sourceTree = "<group>"; };
		B1000E0C /* MeetingCalendar.swift */ = {isa = PBXFileReference; lastKnownFileType = sourcecode.swift; path = MeetingCalendar.swift; sourceTree = "<group>"; };
		B1000E20 /* MeetingMemory.swift */ = {isa = PBXFileReference; lastKnownFileType = sourcecode.swift; path = MeetingMemory.swift; sourceTree = "<group>"; };
		B1000E22 /* TodayView.swift */ = {isa = PBXFileReference; lastKnownFileType = sourcecode.swift; path = TodayView.swift; sourceTree = "<group>"; };
		B1000E24 /* PeopleView.swift */ = {isa = PBXFileReference; lastKnownFileType = sourcecode.swift; path = PeopleView.swift; sourceTree = "<group>"; };
		B1000E0E /* RemindersExporter.swift */ = {isa = PBXFileReference; lastKnownFileType = sourcecode.swift; path = RemindersExporter.swift; sourceTree = "<group>"; };
		B1000E10 /* CaptionOverlay.swift */ = {isa = PBXFileReference; lastKnownFileType = sourcecode.swift; path = CaptionOverlay.swift; sourceTree = "<group>"; };
		B1000E12 /* MeetingInsights.swift */ = {isa = PBXFileReference; lastKnownFileType = sourcecode.swift; path = MeetingInsights.swift; sourceTree = "<group>"; };
		B1000E14 /* ActiveMeetingDetector.swift */ = {isa = PBXFileReference; lastKnownFileType = sourcecode.swift; path = ActiveMeetingDetector.swift; sourceTree = "<group>"; };
		B1000E16 /* TranscriptLibrary.swift */ = {isa = PBXFileReference; lastKnownFileType = sourcecode.swift; path = TranscriptLibrary.swift; sourceTree = "<group>"; };
		B1000E18 /* ExportTools.swift */ = {isa = PBXFileReference; lastKnownFileType = sourcecode.swift; path = ExportTools.swift; sourceTree = "<group>"; };
		B1000E1A /* WelcomeView.swift */ = {isa = PBXFileReference; lastKnownFileType = sourcecode.swift; path = WelcomeView.swift; sourceTree = "<group>"; };
		B1000E1C /* MCPServer.swift */ = {isa = PBXFileReference; lastKnownFileType = sourcecode.swift; path = MCPServer.swift; sourceTree = "<group>"; };
		B1000E1E /* AppLock.swift */ = {isa = PBXFileReference; lastKnownFileType = sourcecode.swift; path = AppLock.swift; sourceTree = "<group>"; };
		TST00010 /* CoreLogicTests.swift */ = {isa = PBXFileReference; lastKnownFileType = sourcecode.swift; path = CoreLogicTests.swift; sourceTree = "<group>"; };
		TST00020 /* MindExtractTests.xctest */ = {isa = PBXFileReference; explicitFileType = wrapper.cfbundle; includeInIndex = 0; path = MindExtractTests.xctest; sourceTree = BUILT_PRODUCTS_DIR; };
		B1000D06 /* AIBackend.swift */ = {isa = PBXFileReference; lastKnownFileType = sourcecode.swift; path = AIBackend.swift; sourceTree = "<group>"; };
		B1000023 /* ytdlp */ = {isa = PBXFileReference; lastKnownFileType = folder; path = ytdlp; sourceTree = "<group>"; };
		B1000024 /* SettingsView.swift */ = {isa = PBXFileReference; lastKnownFileType = sourcecode.swift; path = SettingsView.swift; sourceTree = "<group>"; };
		B1000026 /* TranscriptionManager.swift */ = {isa = PBXFileReference; lastKnownFileType = sourcecode.swift; path = TranscriptionManager.swift; sourceTree = "<group>"; };
		B1000028 /* TranscriptionResultView.swift */ = {isa = PBXFileReference; lastKnownFileType = sourcecode.swift; path = TranscriptionResultView.swift; sourceTree = "<group>"; };
		B1000029 /* RecentActivityView.swift */ = {isa = PBXFileReference; lastKnownFileType = sourcecode.swift; path = RecentActivityView.swift; sourceTree = "<group>"; };
		B1000051 /* ffmpeg */ = {isa = PBXFileReference; lastKnownFileType = "compiled.mach-o.executable"; path = ffmpeg; sourceTree = "<group>"; };
/* End PBXFileReference section */

/* Begin PBXFrameworksBuildPhase section */
		B100000D /* Frameworks */ = {
			isa = PBXFrameworksBuildPhase;
			buildActionMask = 2147483647;
			files = (
				CC000001CCCC000000000001 /* Sparkle in Frameworks */,
				WK000001WK00000000000001 /* WhisperKit in Frameworks */,
				SK000001SK00000000000001 /* SpeakerKit in Frameworks */,
			);
			runOnlyForDeploymentPostprocessing = 0;
		};
		TST00003 /* Frameworks */ = {
			isa = PBXFrameworksBuildPhase;
			buildActionMask = 2147483647;
			files = (
			);
			runOnlyForDeploymentPostprocessing = 0;
		};
/* End PBXFrameworksBuildPhase section */

/* Begin PBXGroup section */
		B1000030 = {
			isa = PBXGroup;
			children = (
				B1000020 /* MindExtract */,
				TST00030 /* MindExtractTests */,
				B100000F /* Products */,
			);
			sourceTree = "<group>";
		};
		TST00030 /* MindExtractTests */ = {
			isa = PBXGroup;
			children = (
				TST00010 /* CoreLogicTests.swift */,
			);
			path = MindExtractTests;
			sourceTree = "<group>";
		};
		B100000F /* Products */ = {
			isa = PBXGroup;
			children = (
				B1000010 /* MindExtract.app */,
				TST00020 /* MindExtractTests.xctest */,
			);
			name = Products;
			sourceTree = "<group>";
		};
		B1000020 /* MindExtract */ = {
			isa = PBXGroup;
			children = (
				B1000011 /* MindExtractApp.swift */,
				B1000012 /* ContentView.swift */,
				B1000D02 /* DesignSystem.swift */,
				B1000D04 /* Summarizer.swift */,
				B1000E02 /* Translator.swift */,
				B1000E04 /* Templates.swift */,
				B1000E06 /* MeetingRecorder.swift */,
				B1000E08 /* RecordingView.swift */,
				B1000E0A /* LiveTranscriber.swift */,
				B1000E0C /* MeetingCalendar.swift */,
				B1000E20 /* MeetingMemory.swift */,
				B1000E22 /* TodayView.swift */,
				B1000E24 /* PeopleView.swift */,
				B1000E0E /* RemindersExporter.swift */,
				B1000E10 /* CaptionOverlay.swift */,
				B1000E12 /* MeetingInsights.swift */,
				B1000E14 /* ActiveMeetingDetector.swift */,
				B1000E16 /* TranscriptLibrary.swift */,
				B1000E18 /* ExportTools.swift */,
				B1000E1A /* WelcomeView.swift */,
				B1000E1C /* MCPServer.swift */,
				B1000E1E /* AppLock.swift */,
				B1000D06 /* AIBackend.swift */,
				B1000024 /* SettingsView.swift */,
				B1000026 /* TranscriptionManager.swift */,
				B1000028 /* TranscriptionResultView.swift */,
				B1000029 /* RecentActivityView.swift */,
				B1000013 /* Models.swift */,
				B1000014 /* YTDLPWrapper.swift */,
				B1000015 /* Assets.xcassets */,
				B1000016 /* MindExtract.entitlements */,
				B1000021 /* Resources */,
			);
			path = MindExtract;
			sourceTree = "<group>";
		};
		B1000021 /* Resources */ = {
			isa = PBXGroup;
			children = (
				B1000023 /* ytdlp */,
				B1000051 /* ffmpeg */,
			);
			path = Resources;
			sourceTree = "<group>";
		};
/* End PBXGroup section */

/* Begin PBXNativeTarget section */
		B100000A /* MindExtract */ = {
			isa = PBXNativeTarget;
			buildConfigurationList = B100001A /* Build configuration list for PBXNativeTarget "MindExtract" */;
			buildPhases = (
				B100000B /* Sources */,
				B100000D /* Frameworks */,
				B100000E /* Resources */,
			);
			buildRules = (
			);
			dependencies = (
			);
			name = MindExtract;
			packageProductDependencies = (
				CC000002CCCC000000000001 /* Sparkle */,
				WK000002WK00000000000001 /* WhisperKit */,
				SK000002SK00000000000001 /* SpeakerKit */,
			);
			productName = MindExtract;
			productReference = B1000010 /* MindExtract.app */;
			productType = "com.apple.product-type.application";
		};
		TST00001 /* MindExtractTests */ = {
			isa = PBXNativeTarget;
			buildConfigurationList = TST00040 /* Build configuration list for PBXNativeTarget "MindExtractTests" */;
			buildPhases = (
				TST00002 /* Sources */,
				TST00003 /* Frameworks */,
				TST00004 /* Resources */,
			);
			buildRules = (
			);
			dependencies = (
				TST00005 /* PBXTargetDependency */,
			);
			name = MindExtractTests;
			productName = MindExtractTests;
			productReference = TST00020 /* MindExtractTests.xctest */;
			productType = "com.apple.product-type.bundle.unit-test";
		};
/* End PBXNativeTarget section */

/* Begin PBXProject section */
		B1000008 /* Project object */ = {
			isa = PBXProject;
			attributes = {
				BuildIndependentTargetsInParallel = 1;
				LastSwiftUpdateCheck = 1500;
				LastUpgradeCheck = 1500;
				TargetAttributes = {
					B100000A = {
						CreatedOnToolsVersion = 15.0;
					};
					TST00001 = {
						CreatedOnToolsVersion = 15.0;
						TestTargetID = B100000A;
					};
				};
			};
			buildConfigurationList = B1000009 /* Build configuration list for PBXProject "MindExtract" */;
			compatibilityVersion = "Xcode 14.0";
			developmentRegion = en;
			hasScannedForEncodings = 0;
			knownRegions = (
				en,
				Base,
			);
			mainGroup = B1000030;
			productRefGroup = B100000F /* Products */;
			projectDirPath = "";
			projectRoot = "";
			packageReferences = (
				CC000003CCCC000000000001 /* XCRemoteSwiftPackageReference "Sparkle" */,
				WK000003WK00000000000001 /* XCRemoteSwiftPackageReference "WhisperKit" */,
			);
			targets = (
				B100000A /* MindExtract */,
				TST00001 /* MindExtractTests */,
			);
		};
/* End PBXProject section */

/* Begin PBXResourcesBuildPhase section */
		B100000E /* Resources */ = {
			isa = PBXResourcesBuildPhase;
			buildActionMask = 2147483647;
			files = (
				B1000005 /* Assets.xcassets in Resources */,
				B1000007 /* ytdlp in Resources */,
				B1000061 /* ffmpeg in Resources */,
			);
			runOnlyForDeploymentPostprocessing = 0;
		};
		TST00004 /* Resources */ = {
			isa = PBXResourcesBuildPhase;
			buildActionMask = 2147483647;
			files = (
			);
			runOnlyForDeploymentPostprocessing = 0;
		};
/* End PBXResourcesBuildPhase section */

/* Begin PBXSourcesBuildPhase section */
		B100000B /* Sources */ = {
			isa = PBXSourcesBuildPhase;
			buildActionMask = 2147483647;
			files = (
				B1000001 /* MindExtractApp.swift in Sources */,
				B1000002 /* ContentView.swift in Sources */,
				B1000D01 /* DesignSystem.swift in Sources */,
				B1000D03 /* Summarizer.swift in Sources */,
				B1000E01 /* Translator.swift in Sources */,
				B1000E03 /* Templates.swift in Sources */,
				B1000E05 /* MeetingRecorder.swift in Sources */,
				B1000E07 /* RecordingView.swift in Sources */,
				B1000E09 /* LiveTranscriber.swift in Sources */,
				B1000E0B /* MeetingCalendar.swift in Sources */,
				B1000E1F /* MeetingMemory.swift in Sources */,
				B1000E21 /* TodayView.swift in Sources */,
				B1000E23 /* PeopleView.swift in Sources */,
				B1000E0D /* RemindersExporter.swift in Sources */,
				B1000E0F /* CaptionOverlay.swift in Sources */,
				B1000E11 /* MeetingInsights.swift in Sources */,
				B1000E13 /* ActiveMeetingDetector.swift in Sources */,
				B1000E15 /* TranscriptLibrary.swift in Sources */,
				B1000E17 /* ExportTools.swift in Sources */,
				B1000E19 /* WelcomeView.swift in Sources */,
				B1000E1B /* MCPServer.swift in Sources */,
				B1000E1D /* AppLock.swift in Sources */,
				B1000D05 /* AIBackend.swift in Sources */,
				B1000031 /* SettingsView.swift in Sources */,
				B1000033 /* TranscriptionManager.swift in Sources */,
				B1000035 /* TranscriptionResultView.swift in Sources */,
				B1000036 /* RecentActivityView.swift in Sources */,
				B1000003 /* Models.swift in Sources */,
				B1000004 /* YTDLPWrapper.swift in Sources */,
			);
			runOnlyForDeploymentPostprocessing = 0;
		};
		TST00002 /* Sources */ = {
			isa = PBXSourcesBuildPhase;
			buildActionMask = 2147483647;
			files = (
				TST00011 /* CoreLogicTests.swift in Sources */,
			);
			runOnlyForDeploymentPostprocessing = 0;
		};
/* End PBXSourcesBuildPhase section */

/* Begin XCBuildConfiguration section */
		B1000040 /* Debug */ = {
			isa = XCBuildConfiguration;
			buildSettings = {
				ALWAYS_SEARCH_USER_PATHS = NO;
				ASSETCATALOG_COMPILER_GENERATE_SWIFT_ASSET_SYMBOL_EXTENSIONS = YES;
				CLANG_ANALYZER_NONNULL = YES;
				CLANG_ANALYZER_NUMBER_OBJECT_CONVERSION = YES_AGGRESSIVE;
				CLANG_CXX_LANGUAGE_STANDARD = "gnu++20";
				CLANG_ENABLE_MODULES = YES;
				CLANG_ENABLE_OBJC_ARC = YES;
				CLANG_ENABLE_OBJC_WEAK = YES;
				CLANG_WARN_BLOCK_CAPTURE_AUTORELEASING = YES;
				CLANG_WARN_BOOL_CONVERSION = YES;
				CLANG_WARN_COMMA = YES;
				CLANG_WARN_CONSTANT_CONVERSION = YES;
				CLANG_WARN_DEPRECATED_OBJC_IMPLEMENTATIONS = YES;
				CLANG_WARN_DIRECT_OBJC_ISA_USAGE = YES_ERROR;
				CLANG_WARN_DOCUMENTATION_COMMENTS = YES;
				CLANG_WARN_EMPTY_BODY = YES;
				CLANG_WARN_ENUM_CONVERSION = YES;
				CLANG_WARN_INFINITE_RECURSION = YES;
				CLANG_WARN_INT_CONVERSION = YES;
				CLANG_WARN_NON_LITERAL_NULL_CONVERSION = YES;
				CLANG_WARN_OBJC_IMPLICIT_RETAIN_SELF = YES;
				CLANG_WARN_OBJC_LITERAL_CONVERSION = YES;
				CLANG_WARN_OBJC_ROOT_CLASS = YES_ERROR;
				CLANG_WARN_QUOTED_INCLUDE_IN_FRAMEWORK_HEADER = YES;
				CLANG_WARN_RANGE_LOOP_ANALYSIS = YES;
				CLANG_WARN_STRICT_PROTOTYPES = YES;
				CLANG_WARN_SUSPICIOUS_MOVE = YES;
				CLANG_WARN_UNGUARDED_AVAILABILITY = YES_AGGRESSIVE;
				CLANG_WARN_UNREACHABLE_CODE = YES;
				CLANG_WARN__DUPLICATE_METHOD_MATCH = YES;
				COPY_PHASE_STRIP = NO;
				DEBUG_INFORMATION_FORMAT = dwarf;
				ENABLE_STRICT_OBJC_MSGSEND = YES;
				ENABLE_TESTABILITY = YES;
				ENABLE_USER_SCRIPT_SANDBOXING = YES;
				GCC_C_LANGUAGE_STANDARD = gnu17;
				GCC_DYNAMIC_NO_PIC = NO;
				GCC_NO_COMMON_BLOCKS = YES;
				GCC_OPTIMIZATION_LEVEL = 0;
				GCC_PREPROCESSOR_DEFINITIONS = (
					"DEBUG=1",
					"$(inherited)",
				);
				GCC_WARN_64_TO_32_BIT_CONVERSION = YES;
				GCC_WARN_ABOUT_RETURN_TYPE = YES_ERROR;
				GCC_WARN_UNDECLARED_SELECTOR = YES;
				GCC_WARN_UNINITIALIZED_AUTOS = YES_AGGRESSIVE;
				GCC_WARN_UNUSED_FUNCTION = YES;
				GCC_WARN_UNUSED_VARIABLE = YES;
				MACOSX_DEPLOYMENT_TARGET = 14.0;
				MTL_ENABLE_DEBUG_INFO = INCLUDE_SOURCE;
				MTL_FAST_MATH = YES;
				ONLY_ACTIVE_ARCH = YES;
				SDKROOT = macosx;
				SWIFT_ACTIVE_COMPILATION_CONDITIONS = "DEBUG $(inherited)";
				SWIFT_OPTIMIZATION_LEVEL = "-Onone";
			};
			name = Debug;
		};
		B1000041 /* Release */ = {
			isa = XCBuildConfiguration;
			buildSettings = {
				ALWAYS_SEARCH_USER_PATHS = NO;
				ASSETCATALOG_COMPILER_GENERATE_SWIFT_ASSET_SYMBOL_EXTENSIONS = YES;
				CLANG_ANALYZER_NONNULL = YES;
				CLANG_ANALYZER_NUMBER_OBJECT_CONVERSION = YES_AGGRESSIVE;
				CLANG_CXX_LANGUAGE_STANDARD = "gnu++20";
				CLANG_ENABLE_MODULES = YES;
				CLANG_ENABLE_OBJC_ARC = YES;
				CLANG_ENABLE_OBJC_WEAK = YES;
				CLANG_WARN_BLOCK_CAPTURE_AUTORELEASING = YES;
				CLANG_WARN_BOOL_CONVERSION = YES;
				CLANG_WARN_COMMA = YES;
				CLANG_WARN_CONSTANT_CONVERSION = YES;
				CLANG_WARN_DEPRECATED_OBJC_IMPLEMENTATIONS = YES;
				CLANG_WARN_DIRECT_OBJC_ISA_USAGE = YES_ERROR;
				CLANG_WARN_DOCUMENTATION_COMMENTS = YES;
				CLANG_WARN_EMPTY_BODY = YES;
				CLANG_WARN_ENUM_CONVERSION = YES;
				CLANG_WARN_INFINITE_RECURSION = YES;
				CLANG_WARN_INT_CONVERSION = YES;
				CLANG_WARN_NON_LITERAL_NULL_CONVERSION = YES;
				CLANG_WARN_OBJC_IMPLICIT_RETAIN_SELF = YES;
				CLANG_WARN_OBJC_LITERAL_CONVERSION = YES;
				CLANG_WARN_OBJC_ROOT_CLASS = YES_ERROR;
				CLANG_WARN_QUOTED_INCLUDE_IN_FRAMEWORK_HEADER = YES;
				CLANG_WARN_RANGE_LOOP_ANALYSIS = YES;
				CLANG_WARN_STRICT_PROTOTYPES = YES;
				CLANG_WARN_SUSPICIOUS_MOVE = YES;
				CLANG_WARN_UNGUARDED_AVAILABILITY = YES_AGGRESSIVE;
				CLANG_WARN_UNREACHABLE_CODE = YES;
				CLANG_WARN__DUPLICATE_METHOD_MATCH = YES;
				COPY_PHASE_STRIP = NO;
				DEBUG_INFORMATION_FORMAT = "dwarf-with-dsym";
				ENABLE_NS_ASSERTIONS = NO;
				ENABLE_STRICT_OBJC_MSGSEND = YES;
				ENABLE_USER_SCRIPT_SANDBOXING = YES;
				GCC_C_LANGUAGE_STANDARD = gnu17;
				GCC_NO_COMMON_BLOCKS = YES;
				GCC_WARN_64_TO_32_BIT_CONVERSION = YES;
				GCC_WARN_ABOUT_RETURN_TYPE = YES_ERROR;
				GCC_WARN_UNDECLARED_SELECTOR = YES;
				GCC_WARN_UNINITIALIZED_AUTOS = YES_AGGRESSIVE;
				GCC_WARN_UNUSED_FUNCTION = YES;
				GCC_WARN_UNUSED_VARIABLE = YES;
				MACOSX_DEPLOYMENT_TARGET = 14.0;
				MTL_ENABLE_DEBUG_INFO = NO;
				MTL_FAST_MATH = YES;
				SDKROOT = macosx;
				SWIFT_COMPILATION_MODE = wholemodule;
			};
			name = Release;
		};
		B1000042 /* Debug */ = {
			isa = XCBuildConfiguration;
			buildSettings = {
				ARCHS = "$(ARCHS_STANDARD)";
				ASSETCATALOG_COMPILER_APPICON_NAME = AppIcon;
				ASSETCATALOG_COMPILER_GLOBAL_ACCENT_COLOR_NAME = AccentColor;
				CODE_SIGN_ENTITLEMENTS = MindExtract/MindExtract.entitlements;
				CODE_SIGN_IDENTITY = "Developer ID Application: Mindact Solutions AB (679J7H9973)";
				CODE_SIGN_STYLE = Manual;
				INFOPLIST_FILE = MindExtract/Info.plist;
				COMBINE_HIDPI_IMAGES = YES;
				CURRENT_PROJECT_VERSION = 42;
				DEVELOPMENT_ASSET_PATHS = "";
				ENABLE_HARDENED_RUNTIME = NO;
				ENABLE_PREVIEWS = YES;
				ENABLE_TESTABILITY = YES;
				GENERATE_INFOPLIST_FILE = YES;
				INFOPLIST_KEY_CFBundleDisplayName = MindExtract;
				INFOPLIST_KEY_LSApplicationCategoryType = "public.app-category.utilities";
				INFOPLIST_KEY_NSHumanReadableCopyright = "© 2025 Mindact. All rights reserved.";
				LD_RUNPATH_SEARCH_PATHS = (
					"$(inherited)",
					"@executable_path/../Frameworks",
				);
				MARKETING_VERSION = 2.6.0;
				PRODUCT_BUNDLE_IDENTIFIER = com.mindact.mindextract;
				PRODUCT_NAME = MindExtract;
				SWIFT_EMIT_LOC_STRINGS = YES;
				SWIFT_VERSION = 6.0;
			};
			name = Debug;
		};
		TST00041 /* Debug */ = {
			isa = XCBuildConfiguration;
			buildSettings = {
				BUNDLE_LOADER = "$(TEST_HOST)";
				CODE_SIGN_STYLE = Automatic;
				CODE_SIGNING_ALLOWED = NO;
				CURRENT_PROJECT_VERSION = 42;
				GENERATE_INFOPLIST_FILE = YES;
				MACOSX_DEPLOYMENT_TARGET = 14.0;
				MARKETING_VERSION = 2.6.0;
				PRODUCT_BUNDLE_IDENTIFIER = com.mindact.mindextractTests;
				PRODUCT_NAME = "$(TARGET_NAME)";
				SWIFT_VERSION = 6.0;
				TEST_HOST = "$(BUILT_PRODUCTS_DIR)/MindExtract.app/Contents/MacOS/MindExtract";
			};
			name = Debug;
		};
		TST00042 /* Release */ = {
			isa = XCBuildConfiguration;
			buildSettings = {
				BUNDLE_LOADER = "$(TEST_HOST)";
				CODE_SIGN_STYLE = Automatic;
				CODE_SIGNING_ALLOWED = NO;
				CURRENT_PROJECT_VERSION = 42;
				GENERATE_INFOPLIST_FILE = YES;
				MACOSX_DEPLOYMENT_TARGET = 14.0;
				MARKETING_VERSION = 2.6.0;
				PRODUCT_BUNDLE_IDENTIFIER = com.mindact.mindextractTests;
				PRODUCT_NAME = "$(TARGET_NAME)";
				SWIFT_VERSION = 6.0;
				TEST_HOST = "$(BUILT_PRODUCTS_DIR)/MindExtract.app/Contents/MacOS/MindExtract";
			};
			name = Release;
		};
		B1000043 /* Release */ = {
			isa = XCBuildConfiguration;
			buildSettings = {
				ARCHS = "$(ARCHS_STANDARD)";
				ASSETCATALOG_COMPILER_APPICON_NAME = AppIcon;
				ASSETCATALOG_COMPILER_GLOBAL_ACCENT_COLOR_NAME = AccentColor;
				CODE_SIGN_ENTITLEMENTS = MindExtract/MindExtract.entitlements;
				CODE_SIGN_IDENTITY = "Developer ID Application: Mindact Solutions AB (679J7H9973)";
				CODE_SIGN_STYLE = Manual;
				INFOPLIST_FILE = MindExtract/Info.plist;
				COMBINE_HIDPI_IMAGES = YES;
				CURRENT_PROJECT_VERSION = 42;
				DEVELOPMENT_ASSET_PATHS = "";
				ENABLE_HARDENED_RUNTIME = NO;
				ENABLE_PREVIEWS = YES;
				GENERATE_INFOPLIST_FILE = YES;
				INFOPLIST_KEY_CFBundleDisplayName = MindExtract;
				INFOPLIST_KEY_LSApplicationCategoryType = "public.app-category.utilities";
				INFOPLIST_KEY_NSHumanReadableCopyright = "© 2025 Mindact. All rights reserved.";
				LD_RUNPATH_SEARCH_PATHS = (
					"$(inherited)",
					"@executable_path/../Frameworks",
				);
				MARKETING_VERSION = 2.6.0;
				PRODUCT_BUNDLE_IDENTIFIER = com.mindact.mindextract;
				PRODUCT_NAME = MindExtract;
				SWIFT_EMIT_LOC_STRINGS = YES;
				SWIFT_VERSION = 6.0;
			};
			name = Release;
		};
/* End XCBuildConfiguration section */

/* Begin XCConfigurationList section */
		B1000009 /* Build configuration list for PBXProject "MindExtract" */ = {
			isa = XCConfigurationList;
			buildConfigurations = (
				B1000040 /* Debug */,
				B1000041 /* Release */,
			);
			defaultConfigurationIsVisible = 0;
			defaultConfigurationName = Release;
		};
		B100001A /* Build configuration list for PBXNativeTarget "MindExtract" */ = {
			isa = XCConfigurationList;
			buildConfigurations = (
				B1000042 /* Debug */,
				B1000043 /* Release */,
			);
			defaultConfigurationIsVisible = 0;
			defaultConfigurationName = Release;
		};
		TST00040 /* Build configuration list for PBXNativeTarget "MindExtractTests" */ = {
			isa = XCConfigurationList;
			buildConfigurations = (
				TST00041 /* Debug */,
				TST00042 /* Release */,
			);
			defaultConfigurationIsVisible = 0;
			defaultConfigurationName = Release;
		};
/* End XCConfigurationList section */

/* Begin XCRemoteSwiftPackageReference section */
		CC000003CCCC000000000001 /* XCRemoteSwiftPackageReference "Sparkle" */ = {
			isa = XCRemoteSwiftPackageReference;
			repositoryURL = "https://github.com/sparkle-project/Sparkle";
			requirement = {
				kind = upToNextMajorVersion;
				minimumVersion = 2.9.1;
			};
		};
		WK000003WK00000000000001 /* XCRemoteSwiftPackageReference "WhisperKit" */ = {
			isa = XCRemoteSwiftPackageReference;
			repositoryURL = "https://github.com/argmaxinc/argmax-oss-swift";
			requirement = {
				kind = upToNextMajorVersion;
				minimumVersion = 1.0.0;
			};
		};
/* End XCRemoteSwiftPackageReference section */

/* Begin XCSwiftPackageProductDependency section */
		CC000002CCCC000000000001 /* Sparkle */ = {
			isa = XCSwiftPackageProductDependency;
			package = CC000003CCCC000000000001 /* XCRemoteSwiftPackageReference "Sparkle" */;
			productName = Sparkle;
		};
		WK000002WK00000000000001 /* WhisperKit */ = {
			isa = XCSwiftPackageProductDependency;
			package = WK000003WK00000000000001 /* XCRemoteSwiftPackageReference "WhisperKit" */;
			productName = WhisperKit;
		};
		SK000002SK00000000000001 /* SpeakerKit */ = {
			isa = XCSwiftPackageProductDependency;
			package = WK000003WK00000000000001 /* XCRemoteSwiftPackageReference "WhisperKit" */;
			productName = SpeakerKit;
		};
/* End XCSwiftPackageProductDependency section */
	};
	rootObject = B1000008 /* Project object */;
}
